
Microsoft Visual Studio Solution File, Format Version 12.00
# Visual Studio Version 17
VisualStudioVersion = 17.10.34928.147
MinimumVisualStudioVersion = 10.0.40219.1
Project("{9A19103F-16F7-4668-BE54-9A1E7A4F7556}") = "TextRPG", "TextRPG\TextRPG.csproj", "{DF9E0322-7CFD-459A-9A8A-F9B350E44EA9}"
EndProject
Project("{2150E333-8FDC-42A3-9474-1A3956D46DE8}") = "Solution Items", "Solution Items", "{81D79DA0-BA28-4A87-A197-45E421FEAD77}"
	ProjectSection(SolutionItems) = preProject
		.editorconfig = .editorconfig
	EndProjectSection
EndProject
Global
	GlobalSection(SolutionConfigurationPlatforms) = preSolution
		Debug|Any CPU = Debug|Any CPU
		Release|Any CPU = Release|Any CPU
	EndGlobalSection
	GlobalSection(ProjectConfigurationPlatforms) = postSolution
		{DF9E0322-7CFD-459A-9A8A-F9B350E44EA9}.Debug|Any CPU.ActiveCfg = Debug|Any CPU
		{DF9E0322-7CFD-459A-9A8A-F9B350E44EA9}.Debug|Any CPU.Build.0 = Debug|Any CPU
		{DF9E0322-7CFD-459A-9A8A-F9B350E44EA9}.Release|Any CPU.ActiveCfg = Release|Any CPU
		{DF9E0322-7CFD-459A-9A8A-F9B350E44EA9}.Release|Any CPU.Build.0 = Release|Any CPU
	EndGlobalSection
	GlobalSection(SolutionProperties) = preSolution
		HideSolutionNode = FALSE
	EndGlobalSection
	GlobalSection(ExtensibilityGlobals) = postSolution
		SolutionGuid = {B2038E81-8DC8-4BDD-84C8-6947E8D562B6}
	EndGlobalSection
EndGlobal
